
Microsoft Visual Studio Solution File, Format Version 12.00
# Visual Studio Version 17
VisualStudioVersion = 17.11.35327.3
MinimumVisualStudioVersion = 10.0.40219.1
Project("{9A19103F-16F7-4668-BE54-9A1E7A4F7556}") = "FitnessAuthBackend", "FitnessAuthBackend\FitnessAuthBackend.csproj", "{E3079147-CC16-4924-BD94-E975C4B895BA}"
EndProject
Project("{FAE04EC0-301F-11D3-BF4B-00C04F79EFBC}") = "FitnessAplikacia", "FitnessAplikacia\FitnessAplikacia.csproj", "{F6D59088-977C-4A23-8C71-A769BBBDCB51}"
EndProject
Global
	GlobalSection(SolutionConfigurationPlatforms) = preSolution
		Debug|Any CPU = Debug|Any CPU
		Release|Any CPU = Release|Any CPU
	EndGlobalSection
	GlobalSection(ProjectConfigurationPlatforms) = postSolution
		{E3079147-CC16-4924-BD94-E975C4B895BA}.Debug|Any CPU.ActiveCfg = Debug|Any CPU
		{E3079147-CC16-4924-BD94-E975C4B895BA}.Debug|Any CPU.Build.0 = Debug|Any CPU
		{E3079147-CC16-4924-BD94-E975C4B895BA}.Release|Any CPU.ActiveCfg = Release|Any CPU
		{E3079147-CC16-4924-BD94-E975C4B895BA}.Release|Any CPU.Build.0 = Release|Any CPU
		{F6D59088-977C-4A23-8C71-A769BBBDCB51}.Debug|Any CPU.ActiveCfg = Debug|Any CPU
		{F6D59088-977C-4A23-8C71-A769BBBDCB51}.Debug|Any CPU.Build.0 = Debug|Any CPU
		{F6D59088-977C-4A23-8C71-A769BBBDCB51}.Debug|Any CPU.Deploy.0 = Debug|Any CPU
		{F6D59088-977C-4A23-8C71-A769BBBDCB51}.Release|Any CPU.ActiveCfg = Release|Any CPU
		{F6D59088-977C-4A23-8C71-A769BBBDCB51}.Release|Any CPU.Build.0 = Release|Any CPU
		{F6D59088-977C-4A23-8C71-A769BBBDCB51}.Release|Any CPU.Deploy.0 = Release|Any CPU
	EndGlobalSection
	GlobalSection(SolutionProperties) = preSolution
		HideSolutionNode = FALSE
	EndGlobalSection
	GlobalSection(ExtensibilityGlobals) = postSolution
		SolutionGuid = {20F611BB-B11E-41CC-850E-B36ECE59DECC}
	EndGlobalSection
EndGlobal
